
Microsoft Visual Studio Solution File, Format Version 12.00
# Visual Studio Version 17
VisualStudioVersion = 17.2.32630.192
MinimumVisualStudioVersion = 10.0.40219.1
Project("{FAE04EC0-301F-11D3-BF4B-00C04F79EFBC}") = "WpfApp1", "WpfApp1\WpfApp1.csproj", "{FAB14446-7978-4D75-8A18-DAF89A77CC91}"
EndProject
Global
	GlobalSection(SolutionConfigurationPlatforms) = preSolution
		Debug|Any CPU = Debug|Any CPU
		Release|Any CPU = Release|Any CPU
	EndGlobalSection
	GlobalSection(ProjectConfigurationPlatforms) = postSolution
		{FAB14446-7978-4D75-8A18-DAF89A77CC91}.Debug|Any CPU.ActiveCfg = Debug|Any CPU
		{FAB14446-7978-4D75-8A18-DAF89A77CC91}.Debug|Any CPU.Build.0 = Debug|Any CPU
		{FAB14446-7978-4D75-8A18-DAF89A77CC91}.Release|Any CPU.ActiveCfg = Release|Any CPU
		{FAB14446-7978-4D75-8A18-DAF89A77CC91}.Release|Any CPU.Build.0 = Release|Any CPU
	EndGlobalSection
	GlobalSection(SolutionProperties) = preSolution
		HideSolutionNode = FALSE
	EndGlobalSection
	GlobalSection(ExtensibilityGlobals) = postSolution
		SolutionGuid = {9AACE5CE-8984-47EF-9466-C18E9B2BB760}
	EndGlobalSection
EndGlobal
